// !$*UTF8*$!
{
	archiveVersion = 1;
	classes = {
	};
	objectVersion = 46;
	objects = {

/* Begin PBXBuildFile section */
		822B114B1CA5822C0044CC8C /* main.m in Sources */ = {isa = PBXBuildFile; fileRef = 822B114A1CA5822C0044CC8C /* main.m */; };
		822B114E1CA5822C0044CC8C /* AppDelegate.m in Sources */ = {isa = PBXBuildFile; fileRef = 822B114D1CA5822C0044CC8C /* AppDelegate.m */; };
		822B11511CA5822C0044CC8C /* ViewController.m in Sources */ = {isa = PBXBuildFile; fileRef = 822B11501CA5822C0044CC8C /* ViewController.m */; };
		822B11541CA5822C0044CC8C /* Main.storyboard in Resources */ = {isa = PBXBuildFile; fileRef = 822B11521CA5822C0044CC8C /* Main.storyboard */; };
		822B11561CA5822C0044CC8C /* Assets.xcassets in Resources */ = {isa = PBXBuildFile; fileRef = 822B11551CA5822C0044CC8C /* Assets.xcassets */; };
		822B11591CA5822C0044CC8C /* LaunchScreen.storyboard in Resources */ = {isa = PBXBuildFile; fileRef = 822B11571CA5822C0044CC8C /* LaunchScreen.storyboard */; };
		822B11631CA582FB0044CC8C /* HZTabBarViewController.m in Sources */ = {isa = PBXBuildFile; fileRef = 822B11611CA582FB0044CC8C /* HZTabBarViewController.m */; };
		822B11641CA582FB0044CC8C /* HZTabBarViewController.xib in Resources */ = {isa = PBXBuildFile; fileRef = 822B11621CA582FB0044CC8C /* HZTabBarViewController.xib */; };
		822B11791CA589660044CC8C /* TableBaseViewController.m in Sources */ = {isa = PBXBuildFile; fileRef = 822B11771CA589660044CC8C /* TableBaseViewController.m */; };
		822B117A1CA589660044CC8C /* TableBaseViewController.xib in Resources */ = {isa = PBXBuildFile; fileRef = 822B11781CA589660044CC8C /* TableBaseViewController.xib */; };
		822B11801CA58E820044CC8C /* HomeViewController.m in Sources */ = {isa = PBXBuildFile; fileRef = 822B117E1CA58E820044CC8C /* HomeViewController.m */; };
		822B11831CA612F80044CC8C /* HomeViewController.xib in Resources */ = {isa = PBXBuildFile; fileRef = 822B11821CA612F80044CC8C /* HomeViewController.xib */; };
		822B11861CA614250044CC8C /* NewsViewController.m in Sources */ = {isa = PBXBuildFile; fileRef = 822B11851CA614250044CC8C /* NewsViewController.m */; };
		822B118A1CA614400044CC8C /* PublishViewController.m in Sources */ = {isa = PBXBuildFile; fileRef = 822B11881CA614400044CC8C /* PublishViewController.m */; };
		822B118B1CA614400044CC8C /* PublishViewController.xib in Resources */ = {isa = PBXBuildFile; fileRef = 822B11891CA614400044CC8C /* PublishViewController.xib */; };
		822B118F1CA614530044CC8C /* MineViewController.m in Sources */ = {isa = PBXBuildFile; fileRef = 822B118D1CA614530044CC8C /* MineViewController.m */; };
		822B11901CA614530044CC8C /* MineViewController.xib in Resources */ = {isa = PBXBuildFile; fileRef = 822B118E1CA614530044CC8C /* MineViewController.xib */; };
		822B11961CA61DF60044CC8C /* NetworkManager.m in Sources */ = {isa = PBXBuildFile; fileRef = 822B11951CA61DF60044CC8C /* NetworkManager.m */; };
		82912BF01CA63EC100098261 /* HomeBannerModel.m in Sources */ = {isa = PBXBuildFile; fileRef = 82912BEF1CA63EC100098261 /* HomeBannerModel.m */; };
		82912BF51CA641E200098261 /* UIImageView+Extension.m in Sources */ = {isa = PBXBuildFile; fileRef = 82912BF41CA641E200098261 /* UIImageView+Extension.m */; };
		82912BF81CA6455B00098261 /* UIViewController+AttachBack.m in Sources */ = {isa = PBXBuildFile; fileRef = 82912BF71CA6455B00098261 /* UIViewController+AttachBack.m */; };
		82912C191CA650B400098261 /* HZJobHuntViewController.m in Sources */ = {isa = PBXBuildFile; fileRef = 82912C181CA650B400098261 /* HZJobHuntViewController.m */; };
		82912C1D1CA6510A00098261 /* HZJobHuntCell.m in Sources */ = {isa = PBXBuildFile; fileRef = 82912C1B1CA6510A00098261 /* HZJobHuntCell.m */; };
		82912C1E1CA6510A00098261 /* HZJobHuntCell.xib in Resources */ = {isa = PBXBuildFile; fileRef = 82912C1C1CA6510A00098261 /* HZJobHuntCell.xib */; };
		82912C211CA6543100098261 /* HZJobModel.m in Sources */ = {isa = PBXBuildFile; fileRef = 82912C201CA6543100098261 /* HZJobModel.m */; };
		82912C251CA6767F00098261 /* HZNavigationController.m in Sources */ = {isa = PBXBuildFile; fileRef = 82912C241CA6767F00098261 /* HZNavigationController.m */; };
		82912C271CA676AA00098261 /* HZNavigationController.xib in Resources */ = {isa = PBXBuildFile; fileRef = 82912C261CA676AA00098261 /* HZNavigationController.xib */; };
		82912C2A1CA6BE8900098261 /* HZSegmentView.m in Sources */ = {isa = PBXBuildFile; fileRef = 82912C291CA6BE8900098261 /* HZSegmentView.m */; };
		82912C2F1CA6D0D900098261 /* HZResumeViewController.m in Sources */ = {isa = PBXBuildFile; fileRef = 82912C2E1CA6D0D900098261 /* HZResumeViewController.m */; };
		82912C321CA6D3F400098261 /* HZResumeModel.m in Sources */ = {isa = PBXBuildFile; fileRef = 82912C311CA6D3F400098261 /* HZResumeModel.m */; };
		82912C351CA6D7C700098261 /* HZEnterpriseViewController.m in Sources */ = {isa = PBXBuildFile; fileRef = 82912C341CA6D7C700098261 /* HZEnterpriseViewController.m */; };
		82912C391CA6D87F00098261 /* HZEnterpriseCell.m in Sources */ = {isa = PBXBuildFile; fileRef = 82912C371CA6D87F00098261 /* HZEnterpriseCell.m */; };
		82912C3A1CA6D87F00098261 /* HZEnterpriseCell.xib in Resources */ = {isa = PBXBuildFile; fileRef = 82912C381CA6D87F00098261 /* HZEnterpriseCell.xib */; };
		82912C3D1CA6DA2200098261 /* HZEnterpriseModel.m in Sources */ = {isa = PBXBuildFile; fileRef = 82912C3C1CA6DA2200098261 /* HZEnterpriseModel.m */; };
		82912C3F1CA6EAE200098261 /* HZLoginedViewController.m in Sources */ = {isa = PBXBuildFile; fileRef = 82912C3E1CA6EAE200098261 /* HZLoginedViewController.m */; };
		82912C431CA6EC6E00098261 /* HZLoginViewController.m in Sources */ = {isa = PBXBuildFile; fileRef = 82912C421CA6EC6E00098261 /* HZLoginViewController.m */; };
		82E887191CA7733400279FBE /* HZRegistViewController.m in Sources */ = {isa = PBXBuildFile; fileRef = 82E887171CA7733400279FBE /* HZRegistViewController.m */; };
		82E8871C1CA7736900279FBE /* HZUserModel.m in Sources */ = {isa = PBXBuildFile; fileRef = 82E8871B1CA7736900279FBE /* HZUserModel.m */; };
		82E887211CA777DC00279FBE /* HZFindPassWordViewController.m in Sources */ = {isa = PBXBuildFile; fileRef = 82E887201CA777DC00279FBE /* HZFindPassWordViewController.m */; };
		B2E8D2750D31D419724B34FE /* libPods.a in Frameworks */ = {isa = PBXBuildFile; fileRef = 72647898094ED1CB1FB960DC /* libPods.a */; };
/* End PBXBuildFile section */

/* Begin PBXFileReference section */
		108D8F136E3A745EC9ABE9AB /* Pods.release.xcconfig */ = {isa = PBXFileReference; includeInIndex = 1; lastKnownFileType = text.xcconfig; name = Pods.release.xcconfig; path = "Pods/Target Support Files/Pods/Pods.release.xcconfig"; sourceTree = "<group>"; };
		6E11108D39B730C740255C47 /* Pods.debug.xcconfig */ = {isa = PBXFileReference; includeInIndex = 1; lastKnownFileType = text.xcconfig; name = Pods.debug.xcconfig; path = "Pods/Target Support Files/Pods/Pods.debug.xcconfig"; sourceTree = "<group>"; };
		72647898094ED1CB1FB960DC /* libPods.a */ = {isa = PBXFileReference; explicitFileType = archive.ar; includeInIndex = 0; path = libPods.a; sourceTree = BUILT_PRODUCTS_DIR; };
		822B11461CA5822C0044CC8C /* HZ.app */ = {isa = PBXFileReference; explicitFileType = wrapper.application; includeInIndex = 0; path = HZ.app; sourceTree = BUILT_PRODUCTS_DIR; };
		822B114A1CA5822C0044CC8C /* main.m */ = {isa = PBXFileReference; lastKnownFileType = sourcecode.c.objc; path = main.m; sourceTree = "<group>"; };
		822B114C1CA5822C0044CC8C /* AppDelegate.h */ = {isa = PBXFileReference; lastKnownFileType = sourcecode.c.h; path = AppDelegate.h; sourceTree = "<group>"; };
		822B114D1CA5822C0044CC8C /* AppDelegate.m */ = {isa = PBXFileReference; lastKnownFileType = sourcecode.c.objc; path = AppDelegate.m; sourceTree = "<group>"; };
		822B114F1CA5822C0044CC8C /* ViewController.h */ = {isa = PBXFileReference; lastKnownFileType = sourcecode.c.h; path = ViewController.h; sourceTree = "<group>"; };
		822B11501CA5822C0044CC8C /* ViewController.m */ = {isa = PBXFileReference; lastKnownFileType = sourcecode.c.objc; path = ViewController.m; sourceTree = "<group>"; };
		822B11531CA5822C0044CC8C /* Base */ = {isa = PBXFileReference; lastKnownFileType = file.storyboard; name = Base; path = Base.lproj/Main.storyboard; sourceTree = "<group>"; };
		822B11551CA5822C0044CC8C /* Assets.xcassets */ = {isa = PBXFileReference; lastKnownFileType = folder.assetcatalog; path = Assets.xcassets; sourceTree = "<group>"; };
		822B11581CA5822C0044CC8C /* Base */ = {isa = PBXFileReference; lastKnownFileType = file.storyboard; name = Base; path = Base.lproj/LaunchScreen.storyboard; sourceTree = "<group>"; };
		822B115A1CA5822C0044CC8C /* Info.plist */ = {isa = PBXFileReference; lastKnownFileType = text.plist.xml; path = Info.plist; sourceTree = "<group>"; };
		822B11601CA582FB0044CC8C /* HZTabBarViewController.h */ = {isa = PBXFileReference; fileEncoding = 4; lastKnownFileType = sourcecode.c.h; path = HZTabBarViewController.h; sourceTree = "<group>"; };
		822B11611CA582FB0044CC8C /* HZTabBarViewController.m */ = {isa = PBXFileReference; fileEncoding = 4; lastKnownFileType = sourcecode.c.objc; path = HZTabBarViewController.m; sourceTree = "<group>"; };
		822B11621CA582FB0044CC8C /* HZTabBarViewController.xib */ = {isa = PBXFileReference; fileEncoding = 4; lastKnownFileType = file.xib; path = HZTabBarViewController.xib; sourceTree = "<group>"; };
		822B11761CA589660044CC8C /* TableBaseViewController.h */ = {isa = PBXFileReference; fileEncoding = 4; lastKnownFileType = sourcecode.c.h; path = TableBaseViewController.h; sourceTree = "<group>"; };
		822B11771CA589660044CC8C /* TableBaseViewController.m */ = {isa = PBXFileReference; fileEncoding = 4; lastKnownFileType = sourcecode.c.objc; path = TableBaseViewController.m; sourceTree = "<group>"; };
		822B11781CA589660044CC8C /* TableBaseViewController.xib */ = {isa = PBXFileReference; fileEncoding = 4; lastKnownFileType = file.xib; path = TableBaseViewController.xib; sourceTree = "<group>"; };
		822B117C1CA58A310044CC8C /* PreHeader.h */ = {isa = PBXFileReference; fileEncoding = 4; lastKnownFileType = sourcecode.c.h; path = PreHeader.h; sourceTree = "<group>"; };
		822B117D1CA58E820044CC8C /* HomeViewController.h */ = {isa = PBXFileReference; fileEncoding = 4; lastKnownFileType = sourcecode.c.h; name = HomeViewController.h; path = ../HomeViewController.h; sourceTree = "<group>"; };
		822B117E1CA58E820044CC8C /* HomeViewController.m */ = {isa = PBXFileReference; fileEncoding = 4; lastKnownFileType = sourcecode.c.objc; name = HomeViewController.m; path = ../HomeViewController.m; sourceTree = "<group>"; };
		822B11821CA612F80044CC8C /* HomeViewController.xib */ = {isa = PBXFileReference; fileEncoding = 4; lastKnownFileType = file.xib; path = HomeViewController.xib; sourceTree = "<group>"; };
		822B11841CA614250044CC8C /* NewsViewController.h */ = {isa = PBXFileReference; fileEncoding = 4; lastKnownFileType = sourcecode.c.h; path = NewsViewController.h; sourceTree = "<group>"; };
		822B11851CA614250044CC8C /* NewsViewController.m */ = {isa = PBXFileReference; fileEncoding = 4; lastKnownFileType = sourcecode.c.objc; path = NewsViewController.m; sourceTree = "<group>"; };
		822B11871CA614400044CC8C /* PublishViewController.h */ = {isa = PBXFileReference; fileEncoding = 4; lastKnownFileType = sourcecode.c.h; path = PublishViewController.h; sourceTree = "<group>"; };
		822B11881CA614400044CC8C /* PublishViewController.m */ = {isa = PBXFileReference; fileEncoding = 4; lastKnownFileType = sourcecode.c.objc; path = PublishViewController.m; sourceTree = "<group>"; };
		822B11891CA614400044CC8C /* PublishViewController.xib */ = {isa = PBXFileReference; fileEncoding = 4; lastKnownFileType = file.xib; path = PublishViewController.xib; sourceTree = "<group>"; };
		822B118C1CA614530044CC8C /* MineViewController.h */ = {isa = PBXFileReference; fileEncoding = 4; lastKnownFileType = sourcecode.c.h; path = MineViewController.h; sourceTree = "<group>"; };
		822B118D1CA614530044CC8C /* MineViewController.m */ = {isa = PBXFileReference; fileEncoding = 4; lastKnownFileType = sourcecode.c.objc; path = MineViewController.m; sourceTree = "<group>"; };
		822B118E1CA614530044CC8C /* MineViewController.xib */ = {isa = PBXFileReference; fileEncoding = 4; lastKnownFileType = file.xib; path = MineViewController.xib; sourceTree = "<group>"; };
		822B11911CA6166D0044CC8C /* Reveal.framework */ = {isa = PBXFileReference; lastKnownFileType = wrapper.framework; path = Reveal.framework; sourceTree = "<group>"; };
		822B11941CA61DF60044CC8C /* NetworkManager.h */ = {isa = PBXFileReference; fileEncoding = 4; lastKnownFileType = sourcecode.c.h; path = NetworkManager.h; sourceTree = "<group>"; };
		822B11951CA61DF60044CC8C /* NetworkManager.m */ = {isa = PBXFileReference; fileEncoding = 4; lastKnownFileType = sourcecode.c.objc; path = NetworkManager.m; sourceTree = "<group>"; };
		82912BEE1CA63EC100098261 /* HomeBannerModel.h */ = {isa = PBXFileReference; fileEncoding = 4; lastKnownFileType = sourcecode.c.h; path = HomeBannerModel.h; sourceTree = "<group>"; };
		82912BEF1CA63EC100098261 /* HomeBannerModel.m */ = {isa = PBXFileReference; fileEncoding = 4; lastKnownFileType = sourcecode.c.objc; path = HomeBannerModel.m; sourceTree = "<group>"; };
		82912BF31CA641E200098261 /* UIImageView+Extension.h */ = {isa = PBXFileReference; fileEncoding = 4; lastKnownFileType = sourcecode.c.h; path = "UIImageView+Extension.h"; sourceTree = "<group>"; };
		82912BF41CA641E200098261 /* UIImageView+Extension.m */ = {isa = PBXFileReference; fileEncoding = 4; lastKnownFileType = sourcecode.c.objc; path = "UIImageView+Extension.m"; sourceTree = "<group>"; };
		82912BF61CA6455B00098261 /* UIViewController+AttachBack.h */ = {isa = PBXFileReference; fileEncoding = 4; lastKnownFileType = sourcecode.c.h; path = "UIViewController+AttachBack.h"; sourceTree = "<group>"; };
		82912BF71CA6455B00098261 /* UIViewController+AttachBack.m */ = {isa = PBXFileReference; fileEncoding = 4; lastKnownFileType = sourcecode.c.objc; path = "UIViewController+AttachBack.m"; sourceTree = "<group>"; };
		82912C171CA650B400098261 /* HZJobHuntViewController.h */ = {isa = PBXFileReference; fileEncoding = 4; lastKnownFileType = sourcecode.c.h; path = HZJobHuntViewController.h; sourceTree = "<group>"; };
		82912C181CA650B400098261 /* HZJobHuntViewController.m */ = {isa = PBXFileReference; fileEncoding = 4; lastKnownFileType = sourcecode.c.objc; path = HZJobHuntViewController.m; sourceTree = "<group>"; };
		82912C1A1CA6510A00098261 /* HZJobHuntCell.h */ = {isa = PBXFileReference; fileEncoding = 4; lastKnownFileType = sourcecode.c.h; path = HZJobHuntCell.h; sourceTree = "<group>"; };
		82912C1B1CA6510A00098261 /* HZJobHuntCell.m */ = {isa = PBXFileReference; fileEncoding = 4; lastKnownFileType = sourcecode.c.objc; path = HZJobHuntCell.m; sourceTree = "<group>"; };
		82912C1C1CA6510A00098261 /* HZJobHuntCell.xib */ = {isa = PBXFileReference; fileEncoding = 4; lastKnownFileType = file.xib; path = HZJobHuntCell.xib; sourceTree = "<group>"; };
		82912C1F1CA6543100098261 /* HZJobModel.h */ = {isa = PBXFileReference; fileEncoding = 4; lastKnownFileType = sourcecode.c.h; path = HZJobModel.h; sourceTree = "<group>"; };
		82912C201CA6543100098261 /* HZJobModel.m */ = {isa = PBXFileReference; fileEncoding = 4; lastKnownFileType = sourcecode.c.objc; path = HZJobModel.m; sourceTree = "<group>"; };
		82912C231CA6767F00098261 /* HZNavigationController.h */ = {isa = PBXFileReference; fileEncoding = 4; lastKnownFileType = sourcecode.c.h; path = HZNavigationController.h; sourceTree = "<group>"; };
		82912C241CA6767F00098261 /* HZNavigationController.m */ = {isa = PBXFileReference; fileEncoding = 4; lastKnownFileType = sourcecode.c.objc; path = HZNavigationController.m; sourceTree = "<group>"; };
		82912C261CA676AA00098261 /* HZNavigationController.xib */ = {isa = PBXFileReference; fileEncoding = 4; lastKnownFileType = file.xib; path = HZNavigationController.xib; sourceTree = "<group>"; };
		82912C281CA6BE8900098261 /* HZSegmentView.h */ = {isa = PBXFileReference; fileEncoding = 4; lastKnownFileType = sourcecode.c.h; path = HZSegmentView.h; sourceTree = "<group>"; };
		82912C291CA6BE8900098261 /* HZSegmentView.m */ = {isa = PBXFileReference; fileEncoding = 4; lastKnownFileType = sourcecode.c.objc; path = HZSegmentView.m; sourceTree = "<group>"; };
		82912C2D1CA6D0D900098261 /* HZResumeViewController.h */ = {isa = PBXFileReference; fileEncoding = 4; lastKnownFileType = sourcecode.c.h; path = HZResumeViewController.h; sourceTree = "<group>"; };
		82912C2E1CA6D0D900098261 /* HZResumeViewController.m */ = {isa = PBXFileReference; fileEncoding = 4; lastKnownFileType = sourcecode.c.objc; path = HZResumeViewController.m; sourceTree = "<group>"; };
		82912C301CA6D3F400098261 /* HZResumeModel.h */ = {isa = PBXFileReference; fileEncoding = 4; lastKnownFileType = sourcecode.c.h; path = HZResumeModel.h; sourceTree = "<group>"; };
		82912C311CA6D3F400098261 /* HZResumeModel.m */ = {isa = PBXFileReference; fileEncoding = 4; lastKnownFileType = sourcecode.c.objc; path = HZResumeModel.m; sourceTree = "<group>"; };
		82912C331CA6D7C700098261 /* HZEnterpriseViewController.h */ = {isa = PBXFileReference; fileEncoding = 4; lastKnownFileType = sourcecode.c.h; path = HZEnterpriseViewController.h; sourceTree = "<group>"; };
		82912C341CA6D7C700098261 /* HZEnterpriseViewController.m */ = {isa = PBXFileReference; fileEncoding = 4; lastKnownFileType = sourcecode.c.objc; path = HZEnterpriseViewController.m; sourceTree = "<group>"; };
		82912C361CA6D87F00098261 /* HZEnterpriseCell.h */ = {isa = PBXFileReference; fileEncoding = 4; lastKnownFileType = sourcecode.c.h; path = HZEnterpriseCell.h; sourceTree = "<group>"; };
		82912C371CA6D87F00098261 /* HZEnterpriseCell.m */ = {isa = PBXFileReference; fileEncoding = 4; lastKnownFileType = sourcecode.c.objc; path = HZEnterpriseCell.m; sourceTree = "<group>"; };
		82912C381CA6D87F00098261 /* HZEnterpriseCell.xib */ = {isa = PBXFileReference; fileEncoding = 4; lastKnownFileType = file.xib; path = HZEnterpriseCell.xib; sourceTree = "<group>"; };
		82912C3B1CA6DA2200098261 /* HZEnterpriseModel.h */ = {isa = PBXFileReference; fileEncoding = 4; lastKnownFileType = sourcecode.c.h; path = HZEnterpriseModel.h; sourceTree = "<group>"; };
		82912C3C1CA6DA2200098261 /* HZEnterpriseModel.m */ = {isa = PBXFileReference; fileEncoding = 4; lastKnownFileType = sourcecode.c.objc; path = HZEnterpriseModel.m; sourceTree = "<group>"; };
		82912C3E1CA6EAE200098261 /* HZLoginedViewController.m */ = {isa = PBXFileReference; fileEncoding = 4; lastKnownFileType = sourcecode.c.objc; path = HZLoginedViewController.m; sourceTree = "<group>"; };
		82912C401CA6EAF400098261 /* HZLoginedViewController.h */ = {isa = PBXFileReference; fileEncoding = 4; lastKnownFileType = sourcecode.c.h; path = HZLoginedViewController.h; sourceTree = "<group>"; };
		82912C411CA6EC6E00098261 /* HZLoginViewController.h */ = {isa = PBXFileReference; fileEncoding = 4; lastKnownFileType = sourcecode.c.h; path = HZLoginViewController.h; sourceTree = "<group>"; };
		82912C421CA6EC6E00098261 /* HZLoginViewController.m */ = {isa = PBXFileReference; fileEncoding = 4; lastKnownFileType = sourcecode.c.objc; path = HZLoginViewController.m; sourceTree = "<group>"; };
		82E887171CA7733400279FBE /* HZRegistViewController.m */ = {isa = PBXFileReference; fileEncoding = 4; lastKnownFileType = sourcecode.c.objc; path = HZRegistViewController.m; sourceTree = "<group>"; };
		82E887181CA7733400279FBE /* MbReleaseViewController.h */ = {isa = PBXFileReference; fileEncoding = 4; lastKnownFileType = sourcecode.c.h; path = MbReleaseViewController.h; sourceTree = "<group>"; };
		82E8871A1CA7736900279FBE /* HZUserModel.h */ = {isa = PBXFileReference; fileEncoding = 4; lastKnownFileType = sourcecode.c.h; path = HZUserModel.h; sourceTree = "<group>"; };
		82E8871B1CA7736900279FBE /* HZUserModel.m */ = {isa = PBXFileReference; fileEncoding = 4; lastKnownFileType = sourcecode.c.objc; path = HZUserModel.m; sourceTree = "<group>"; };
		82E8871E1CA7751C00279FBE /* HZRegistViewController.h */ = {isa = PBXFileReference; fileEncoding = 4; lastKnownFileType = sourcecode.c.h; path = HZRegistViewController.h; sourceTree = "<group>"; };
		82E8871F1CA777DC00279FBE /* HZFindPassWordViewController.h */ = {isa = PBXFileReference; fileEncoding = 4; lastKnownFileType = sourcecode.c.h; path = HZFindPassWordViewController.h; sourceTree = "<group>"; };
		82E887201CA777DC00279FBE /* HZFindPassWordViewController.m */ = {isa = PBXFileReference; fileEncoding = 4; lastKnownFileType = sourcecode.c.objc; path = HZFindPassWordViewController.m; sourceTree = "<group>"; };
/* End PBXFileReference section */

/* Begin PBXFrameworksBuildPhase section */
		822B11431CA5822C0044CC8C /* Frameworks */ = {
			isa = PBXFrameworksBuildPhase;
			buildActionMask = 2147483647;
			files = (
				B2E8D2750D31D419724B34FE /* libPods.a in Frameworks */,
			);
			runOnlyForDeploymentPostprocessing = 0;
		};
/* End PBXFrameworksBuildPhase section */

/* Begin PBXGroup section */
		53E82A71EF6831A7AB6071D9 /* Frameworks */ = {
			isa = PBXGroup;
			children = (
				822B11911CA6166D0044CC8C /* Reveal.framework */,
				72647898094ED1CB1FB960DC /* libPods.a */,
			);
			name = Frameworks;
			sourceTree = "<group>";
		};
		822B113D1CA5822C0044CC8C = {
			isa = PBXGroup;
			children = (
				822B11481CA5822C0044CC8C /* HZ */,
				822B11471CA5822C0044CC8C /* Products */,
				A8394D48B333B991C7FBC264 /* Pods */,
				53E82A71EF6831A7AB6071D9 /* Frameworks */,
			);
			sourceTree = "<group>";
		};
		822B11471CA5822C0044CC8C /* Products */ = {
			isa = PBXGroup;
			children = (
				822B11461CA5822C0044CC8C /* HZ.app */,
			);
			name = Products;
			sourceTree = "<group>";
		};
		822B11481CA5822C0044CC8C /* HZ */ = {
			isa = PBXGroup;
			children = (
				822B117C1CA58A310044CC8C /* PreHeader.h */,
				822B11751CA5892E0044CC8C /* Lib */,
				822B11711CA588D00044CC8C /* Publish */,
				822B116D1CA588C60044CC8C /* News */,
				822B11691CA588BC0044CC8C /* Mine */,
				822B11651CA588B00044CC8C /* Home */,
				822B114C1CA5822C0044CC8C /* AppDelegate.h */,
				822B114D1CA5822C0044CC8C /* AppDelegate.m */,
				822B114F1CA5822C0044CC8C /* ViewController.h */,
				822B11501CA5822C0044CC8C /* ViewController.m */,
				822B11521CA5822C0044CC8C /* Main.storyboard */,
				822B11551CA5822C0044CC8C /* Assets.xcassets */,
				822B11571CA5822C0044CC8C /* LaunchScreen.storyboard */,
				822B115A1CA5822C0044CC8C /* Info.plist */,
				822B11491CA5822C0044CC8C /* Supporting Files */,
			);
			path = HZ;
			sourceTree = "<group>";
		};
		822B11491CA5822C0044CC8C /* Supporting Files */ = {
			isa = PBXGroup;
			children = (
				822B114A1CA5822C0044CC8C /* main.m */,
			);
			name = "Supporting Files";
			sourceTree = "<group>";
		};
		822B11651CA588B00044CC8C /* Home */ = {
			isa = PBXGroup;
			children = (
				822B11661CA588B00044CC8C /* Controller */,
				822B11671CA588B00044CC8C /* Model */,
				822B11681CA588B00044CC8C /* View */,
			);
			path = Home;
			sourceTree = "<group>";
		};
		822B11661CA588B00044CC8C /* Controller */ = {
			isa = PBXGroup;
			children = (
				822B117D1CA58E820044CC8C /* HomeViewController.h */,
				822B117E1CA58E820044CC8C /* HomeViewController.m */,
				822B11821CA612F80044CC8C /* HomeViewController.xib */,
				82912C171CA650B400098261 /* HZJobHuntViewController.h */,
				82912C181CA650B400098261 /* HZJobHuntViewController.m */,
				82912C2D1CA6D0D900098261 /* HZResumeViewController.h */,
				82912C2E1CA6D0D900098261 /* HZResumeViewController.m */,
				82912C331CA6D7C700098261 /* HZEnterpriseViewController.h */,
				82912C341CA6D7C700098261 /* HZEnterpriseViewController.m */,
			);
			path = Controller;
			sourceTree = "<group>";
		};
		822B11671CA588B00044CC8C /* Model */ = {
			isa = PBXGroup;
			children = (
				82912BEE1CA63EC100098261 /* HomeBannerModel.h */,
				82912BEF1CA63EC100098261 /* HomeBannerModel.m */,
				82912C1F1CA6543100098261 /* HZJobModel.h */,
				82912C201CA6543100098261 /* HZJobModel.m */,
				82912C301CA6D3F400098261 /* HZResumeModel.h */,
				82912C311CA6D3F400098261 /* HZResumeModel.m */,
				82912C3B1CA6DA2200098261 /* HZEnterpriseModel.h */,
				82912C3C1CA6DA2200098261 /* HZEnterpriseModel.m */,
			);
			path = Model;
			sourceTree = "<group>";
		};
		822B11681CA588B00044CC8C /* View */ = {
			isa = PBXGroup;
			children = (
				82912C1A1CA6510A00098261 /* HZJobHuntCell.h */,
				82912C1B1CA6510A00098261 /* HZJobHuntCell.m */,
				82912C1C1CA6510A00098261 /* HZJobHuntCell.xib */,
				82912C281CA6BE8900098261 /* HZSegmentView.h */,
				82912C291CA6BE8900098261 /* HZSegmentView.m */,
				82912C361CA6D87F00098261 /* HZEnterpriseCell.h */,
				82912C371CA6D87F00098261 /* HZEnterpriseCell.m */,
				82912C381CA6D87F00098261 /* HZEnterpriseCell.xib */,
			);
			path = View;
			sourceTree = "<group>";
		};
		822B11691CA588BC0044CC8C /* Mine */ = {
			isa = PBXGroup;
			children = (
				822B116A1CA588BC0044CC8C /* Controller */,
				822B116B1CA588BC0044CC8C /* Model */,
				822B116C1CA588BC0044CC8C /* View */,
			);
			path = Mine;
			sourceTree = "<group>";
		};
		822B116A1CA588BC0044CC8C /* Controller */ = {
			isa = PBXGroup;
			children = (
				82912C3E1CA6EAE200098261 /* HZLoginedViewController.m */,
				82912C401CA6EAF400098261 /* HZLoginedViewController.h */,
				82912C411CA6EC6E00098261 /* HZLoginViewController.h */,
				82912C421CA6EC6E00098261 /* HZLoginViewController.m */,
				82E887171CA7733400279FBE /* HZRegistViewController.m */,
				82E8871F1CA777DC00279FBE /* HZFindPassWordViewController.h */,
				82E887201CA777DC00279FBE /* HZFindPassWordViewController.m */,
				82E8871E1CA7751C00279FBE /* HZRegistViewController.h */,
				82E887181CA7733400279FBE /* MbReleaseViewController.h */,
				822B118C1CA614530044CC8C /* MineViewController.h */,
				822B118D1CA614530044CC8C /* MineViewController.m */,
				822B118E1CA614530044CC8C /* MineViewController.xib */,
			);
			path = Controller;
			sourceTree = "<group>";
		};
		822B116B1CA588BC0044CC8C /* Model */ = {
			isa = PBXGroup;
			children = (
			);
			path = Model;
			sourceTree = "<group>";
		};
		822B116C1CA588BC0044CC8C /* View */ = {
			isa = PBXGroup;
			children = (
			);
			path = View;
			sourceTree = "<group>";
		};
		822B116D1CA588C60044CC8C /* News */ = {
			isa = PBXGroup;
			children = (
				822B116E1CA588C60044CC8C /* Controller */,
				822B116F1CA588C60044CC8C /* Model */,
				822B11701CA588C60044CC8C /* View */,
			);
			path = News;
			sourceTree = "<group>";
		};
		822B116E1CA588C60044CC8C /* Controller */ = {
			isa = PBXGroup;
			children = (
				822B11841CA614250044CC8C /* NewsViewController.h */,
				822B11851CA614250044CC8C /* NewsViewController.m */,
			);
			path = Controller;
			sourceTree = "<group>";
		};
		822B116F1CA588C60044CC8C /* Model */ = {
			isa = PBXGroup;
			children = (
			);
			path = Model;
			sourceTree = "<group>";
		};
		822B11701CA588C60044CC8C /* View */ = {
			isa = PBXGroup;
			children = (
			);
			path = View;
			sourceTree = "<group>";
		};
		822B11711CA588D00044CC8C /* Publish */ = {
			isa = PBXGroup;
			children = (
				822B11721CA588D00044CC8C /* Controller */,
				822B11731CA588D00044CC8C /* Model */,
				822B11741CA588D00044CC8C /* View */,
			);
			path = Publish;
			sourceTree = "<group>";
		};
		822B11721CA588D00044CC8C /* Controller */ = {
			isa = PBXGroup;
			children = (
				822B11871CA614400044CC8C /* PublishViewController.h */,
				822B11881CA614400044CC8C /* PublishViewController.m */,
				822B11891CA614400044CC8C /* PublishViewController.xib */,
			);
			path = Controller;
			sourceTree = "<group>";
		};
		822B11731CA588D00044CC8C /* Model */ = {
			isa = PBXGroup;
			children = (
			);
			path = Model;
			sourceTree = "<group>";
		};
		822B11741CA588D00044CC8C /* View */ = {
			isa = PBXGroup;
			children = (
			);
			path = View;
			sourceTree = "<group>";
		};
		822B11751CA5892E0044CC8C /* Lib */ = {
			isa = PBXGroup;
			children = (
				82E8871D1CA7737000279FBE /* Model */,
				82912C221CA6765900098261 /* Controller */,
				82912BF11CA6419800098261 /* Extension */,
				822B11931CA61DDA0044CC8C /* Network */,
			);
			name = Lib;
			sourceTree = "<group>";
		};
		822B11931CA61DDA0044CC8C /* Network */ = {
			isa = PBXGroup;
			children = (
				822B11941CA61DF60044CC8C /* NetworkManager.h */,
				822B11951CA61DF60044CC8C /* NetworkManager.m */,
			);
			name = Network;
			sourceTree = "<group>";
		};
		82912BF11CA6419800098261 /* Extension */ = {
			isa = PBXGroup;
			children = (
				82912BF31CA641E200098261 /* UIImageView+Extension.h */,
				82912BF41CA641E200098261 /* UIImageView+Extension.m */,
				82912BF61CA6455B00098261 /* UIViewController+AttachBack.h */,
				82912BF71CA6455B00098261 /* UIViewController+AttachBack.m */,
			);
			name = Extension;
			sourceTree = "<group>";
		};
		82912C221CA6765900098261 /* Controller */ = {
			isa = PBXGroup;
			children = (
				822B11601CA582FB0044CC8C /* HZTabBarViewController.h */,
				822B11611CA582FB0044CC8C /* HZTabBarViewController.m */,
				822B11621CA582FB0044CC8C /* HZTabBarViewController.xib */,
				822B11761CA589660044CC8C /* TableBaseViewController.h */,
				822B11771CA589660044CC8C /* TableBaseViewController.m */,
				822B11781CA589660044CC8C /* TableBaseViewController.xib */,
				82912C231CA6767F00098261 /* HZNavigationController.h */,
				82912C241CA6767F00098261 /* HZNavigationController.m */,
				82912C261CA676AA00098261 /* HZNavigationController.xib */,
			);
			name = Controller;
			sourceTree = "<group>";
		};
		82E8871D1CA7737000279FBE /* Model */ = {
			isa = PBXGroup;
			children = (
				82E8871A1CA7736900279FBE /* HZUserModel.h */,
				82E8871B1CA7736900279FBE /* HZUserModel.m */,
			);
			name = Model;
			sourceTree = "<group>";
		};
		A8394D48B333B991C7FBC264 /* Pods */ = {
			isa = PBXGroup;
			children = (
				6E11108D39B730C740255C47 /* Pods.debug.xcconfig */,
				108D8F136E3A745EC9ABE9AB /* Pods.release.xcconfig */,
			);
			name = Pods;
			sourceTree = "<group>";
		};
/* End PBXGroup section */

/* Begin PBXNativeTarget section */
		822B11451CA5822C0044CC8C /* HZ */ = {
			isa = PBXNativeTarget;
			buildConfigurationList = 822B115D1CA5822C0044CC8C /* Build configuration list for PBXNativeTarget "HZ" */;
			buildPhases = (
				1BF6F0D2AD176D9EDFAF9658 /* Check Pods Manifest.lock */,
				822B11421CA5822C0044CC8C /* Sources */,
				822B11431CA5822C0044CC8C /* Frameworks */,
				822B11441CA5822C0044CC8C /* Resources */,
				DEAB05EC40BA76C4A1BD63B7 /* Embed Pods Frameworks */,
				034637967A1532AB4DA03858 /* Copy Pods Resources */,
			);
			buildRules = (
			);
			dependencies = (
			);
			name = HZ;
			productName = HZ;
			productReference = 822B11461CA5822C0044CC8C /* HZ.app */;
			productType = "com.apple.product-type.application";
		};
/* End PBXNativeTarget section */

/* Begin PBXProject section */
		822B113E1CA5822C0044CC8C /* Project object */ = {
			isa = PBXProject;
			attributes = {
				CLASSPREFIX = HZ;
				LastUpgradeCheck = 0730;
				ORGANIZATIONNAME = ihj;
				TargetAttributes = {
					822B11451CA5822C0044CC8C = {
						CreatedOnToolsVersion = 7.3;
					};
				};
			};
			buildConfigurationList = 822B11411CA5822C0044CC8C /* Build configuration list for PBXProject "HZ" */;
			compatibilityVersion = "Xcode 3.2";
			developmentRegion = English;
			hasScannedForEncodings = 0;
			knownRegions = (
				en,
				Base,
			);
			mainGroup = 822B113D1CA5822C0044CC8C;
			productRefGroup = 822B11471CA5822C0044CC8C /* Products */;
			projectDirPath = "";
			projectRoot = "";
			targets = (
				822B11451CA5822C0044CC8C /* HZ */,
			);
		};
/* End PBXProject section */

/* Begin PBXResourcesBuildPhase section */
		822B11441CA5822C0044CC8C /* Resources */ = {
			isa = PBXResourcesBuildPhase;
			buildActionMask = 2147483647;
			files = (
				822B11641CA582FB0044CC8C /* HZTabBarViewController.xib in Resources */,
				82912C271CA676AA00098261 /* HZNavigationController.xib in Resources */,
				822B117A1CA589660044CC8C /* TableBaseViewController.xib in Resources */,
				82912C3A1CA6D87F00098261 /* HZEnterpriseCell.xib in Resources */,
				82912C1E1CA6510A00098261 /* HZJobHuntCell.xib in Resources */,
				822B11591CA5822C0044CC8C /* LaunchScreen.storyboard in Resources */,
				822B11561CA5822C0044CC8C /* Assets.xcassets in Resources */,
				822B11541CA5822C0044CC8C /* Main.storyboard in Resources */,
				822B118B1CA614400044CC8C /* PublishViewController.xib in Resources */,
				822B11831CA612F80044CC8C /* HomeViewController.xib in Resources */,
				822B11901CA614530044CC8C /* MineViewController.xib in Resources */,
			);
			runOnlyForDeploymentPostprocessing = 0;
		};
/* End PBXResourcesBuildPhase section */

/* Begin PBXShellScriptBuildPhase section */
		034637967A1532AB4DA03858 /* Copy Pods Resources */ = {
			isa = PBXShellScriptBuildPhase;
			buildActionMask = 2147483647;
			files = (
			);
			inputPaths = (
			);
			name = "Copy Pods Resources";
			outputPaths = (
			);
			runOnlyForDeploymentPostprocessing = 0;
			shellPath = /bin/sh;
			shellScript = "\"${SRCROOT}/Pods/Target Support Files/Pods/Pods-resources.sh\"\n";
			showEnvVarsInLog = 0;
		};
		1BF6F0D2AD176D9EDFAF9658 /* Check Pods Manifest.lock */ = {
			isa = PBXShellScriptBuildPhase;
			buildActionMask = 2147483647;
			files = (
			);
			inputPaths = (
			);
			name = "Check Pods Manifest.lock";
			outputPaths = (
			);
			runOnlyForDeploymentPostprocessing = 0;
			shellPath = /bin/sh;
			shellScript = "diff \"${PODS_ROOT}/../Podfile.lock\" \"${PODS_ROOT}/Manifest.lock\" > /dev/null\nif [[ $? != 0 ]] ; then\n    cat << EOM\nerror: The sandbox is not in sync with the Podfile.lock. Run 'pod install' or update your CocoaPods installation.\nEOM\n    exit 1\nfi\n";
			showEnvVarsInLog = 0;
		};
		DEAB05EC40BA76C4A1BD63B7 /* Embed Pods Frameworks */ = {
			isa = PBXShellScriptBuildPhase;
			buildActionMask = 2147483647;
			files = (
			);
			inputPaths = (
			);
			name = "Embed Pods Frameworks";
			outputPaths = (
			);
			runOnlyForDeploymentPostprocessing = 0;
			shellPath = /bin/sh;
			shellScript = "\"${SRCROOT}/Pods/Target Support Files/Pods/Pods-frameworks.sh\"\n";
			showEnvVarsInLog = 0;
		};
/* End PBXShellScriptBuildPhase section */

/* Begin PBXSourcesBuildPhase section */
		822B11421CA5822C0044CC8C /* Sources */ = {
			isa = PBXSourcesBuildPhase;
			buildActionMask = 2147483647;
			files = (
				82912BF01CA63EC100098261 /* HomeBannerModel.m in Sources */,
				822B118A1CA614400044CC8C /* PublishViewController.m in Sources */,
				82912C321CA6D3F400098261 /* HZResumeModel.m in Sources */,
				82912C2A1CA6BE8900098261 /* HZSegmentView.m in Sources */,
				82912C431CA6EC6E00098261 /* HZLoginViewController.m in Sources */,
				822B11631CA582FB0044CC8C /* HZTabBarViewController.m in Sources */,
				822B11511CA5822C0044CC8C /* ViewController.m in Sources */,
				822B118F1CA614530044CC8C /* MineViewController.m in Sources */,
				82912C211CA6543100098261 /* HZJobModel.m in Sources */,
				822B11791CA589660044CC8C /* TableBaseViewController.m in Sources */,
				82E8871C1CA7736900279FBE /* HZUserModel.m in Sources */,
				82E887211CA777DC00279FBE /* HZFindPassWordViewController.m in Sources */,
				82912C3F1CA6EAE200098261 /* HZLoginedViewController.m in Sources */,
				82912C351CA6D7C700098261 /* HZEnterpriseViewController.m in Sources */,
				822B114E1CA5822C0044CC8C /* AppDelegate.m in Sources */,
				82912C191CA650B400098261 /* HZJobHuntViewController.m in Sources */,
				822B114B1CA5822C0044CC8C /* main.m in Sources */,
				82912C1D1CA6510A00098261 /* HZJobHuntCell.m in Sources */,
				822B11801CA58E820044CC8C /* HomeViewController.m in Sources */,
				822B11961CA61DF60044CC8C /* NetworkManager.m in Sources */,
				82912C3D1CA6DA2200098261 /* HZEnterpriseModel.m in Sources */,
				82E887191CA7733400279FBE /* HZRegistViewController.m in Sources */,
				82912C391CA6D87F00098261 /* HZEnterpriseCell.m in Sources */,
				82912C2F1CA6D0D900098261 /* HZResumeViewController.m in Sources */,
				82912C251CA6767F00098261 /* HZNavigationController.m in Sources */,
				82912BF51CA641E200098261 /* UIImageView+Extension.m in Sources */,
				822B11861CA614250044CC8C /* NewsViewController.m in Sources */,
				82912BF81CA6455B00098261 /* UIViewController+AttachBack.m in Sources */,
			);
			runOnlyForDeploymentPostprocessing = 0;
		};
/* End PBXSourcesBuildPhase section */

/* Begin PBXVariantGroup section */
		822B11521CA5822C0044CC8C /* Main.storyboard */ = {
			isa = PBXVariantGroup;
			children = (
				822B11531CA5822C0044CC8C /* Base */,
			);
			name = Main.storyboard;
			sourceTree = "<group>";
		};
		822B11571CA5822C0044CC8C /* LaunchScreen.storyboard */ = {
			isa = PBXVariantGroup;
			children = (
				822B11581CA5822C0044CC8C /* Base */,
			);
			name = LaunchScreen.storyboard;
			sourceTree = "<group>";
		};
/* End PBXVariantGroup section */

/* Begin XCBuildConfiguration section */
		822B115B1CA5822C0044CC8C /* Debug */ = {
			isa = XCBuildConfiguration;
			buildSettings = {
				ALWAYS_SEARCH_USER_PATHS = NO;
				CLANG_ANALYZER_NONNULL = YES;
				CLANG_CXX_LANGUAGE_STANDARD = "gnu++0x";
				CLANG_CXX_LIBRARY = "libc++";
				CLANG_ENABLE_MODULES = YES;
				CLANG_ENABLE_OBJC_ARC = YES;
				CLANG_WARN_BOOL_CONVERSION = YES;
				CLANG_WARN_CONSTANT_CONVERSION = YES;
				CLANG_WARN_DIRECT_OBJC_ISA_USAGE = YES_ERROR;
				CLANG_WARN_EMPTY_BODY = YES;
				CLANG_WARN_ENUM_CONVERSION = YES;
				CLANG_WARN_INT_CONVERSION = YES;
				CLANG_WARN_OBJC_ROOT_CLASS = YES_ERROR;
				CLANG_WARN_UNREACHABLE_CODE = YES;
				CLANG_WARN__DUPLICATE_METHOD_MATCH = YES;
				"CODE_SIGN_IDENTITY[sdk=iphoneos*]" = "iPhone Developer";
				COPY_PHASE_STRIP = NO;
				DEBUG_INFORMATION_FORMAT = dwarf;
				ENABLE_STRICT_OBJC_MSGSEND = YES;
				ENABLE_TESTABILITY = YES;
				GCC_C_LANGUAGE_STANDARD = gnu99;
				GCC_DYNAMIC_NO_PIC = NO;
				GCC_NO_COMMON_BLOCKS = YES;
				GCC_OPTIMIZATION_LEVEL = 0;
				GCC_PREPROCESSOR_DEFINITIONS = (
					"DEBUG=1",
					"$(inherited)",
				);
				GCC_WARN_64_TO_32_BIT_CONVERSION = YES;
				GCC_WARN_ABOUT_RETURN_TYPE = YES_ERROR;
				GCC_WARN_UNDECLARED_SELECTOR = YES;
				GCC_WARN_UNINITIALIZED_AUTOS = YES_AGGRESSIVE;
				GCC_WARN_UNUSED_FUNCTION = YES;
				GCC_WARN_UNUSED_VARIABLE = YES;
				IPHONEOS_DEPLOYMENT_TARGET = 9.3;
				MTL_ENABLE_DEBUG_INFO = YES;
				ONLY_ACTIVE_ARCH = YES;
				SDKROOT = iphoneos;
			};
			name = Debug;
		};
		822B115C1CA5822C0044CC8C /* Release */ = {
			isa = XCBuildConfiguration;
			buildSettings = {
				ALWAYS_SEARCH_USER_PATHS = NO;
				CLANG_ANALYZER_NONNULL = YES;
				CLANG_CXX_LANGUAGE_STANDARD = "gnu++0x";
				CLANG_CXX_LIBRARY = "libc++";
				CLANG_ENABLE_MODULES = YES;
				CLANG_ENABLE_OBJC_ARC = YES;
				CLANG_WARN_BOOL_CONVERSION = YES;
				CLANG_WARN_CONSTANT_CONVERSION = YES;
				CLANG_WARN_DIRECT_OBJC_ISA_USAGE = YES_ERROR;
				CLANG_WARN_EMPTY_BODY = YES;
				CLANG_WARN_ENUM_CONVERSION = YES;
				CLANG_WARN_INT_CONVERSION = YES;
				CLANG_WARN_OBJC_ROOT_CLASS = YES_ERROR;
				CLANG_WARN_UNREACHABLE_CODE = YES;
				CLANG_WARN__DUPLICATE_METHOD_MATCH = YES;
				"CODE_SIGN_IDENTITY[sdk=iphoneos*]" = "iPhone Developer";
				COPY_PHASE_STRIP = NO;
				DEBUG_INFORMATION_FORMAT = "dwarf-with-dsym";
				ENABLE_NS_ASSERTIONS = NO;
				ENABLE_STRICT_OBJC_MSGSEND = YES;
				GCC_C_LANGUAGE_STANDARD = gnu99;
				GCC_NO_COMMON_BLOCKS = YES;
				GCC_WARN_64_TO_32_BIT_CONVERSION = YES;
				GCC_WARN_ABOUT_RETURN_TYPE = YES_ERROR;
				GCC_WARN_UNDECLARED_SELECTOR = YES;
				GCC_WARN_UNINITIALIZED_AUTOS = YES_AGGRESSIVE;
				GCC_WARN_UNUSED_FUNCTION = YES;
				GCC_WARN_UNUSED_VARIABLE = YES;
				IPHONEOS_DEPLOYMENT_TARGET = 9.3;
				MTL_ENABLE_DEBUG_INFO = NO;
				SDKROOT = iphoneos;
				VALIDATE_PRODUCT = YES;
			};
			name = Release;
		};
		822B115E1CA5822C0044CC8C /* Debug */ = {
			isa = XCBuildConfiguration;
			baseConfigurationReference = 6E11108D39B730C740255C47 /* Pods.debug.xcconfig */;
			buildSettings = {
				ASSETCATALOG_COMPILER_APPICON_NAME = AppIcon;
				FRAMEWORK_SEARCH_PATHS = (
					"$(inherited)",
					"$(PROJECT_DIR)",
				);
				GCC_PRECOMPILE_PREFIX_HEADER = YES;
				GCC_PREFIX_HEADER = "$(SRCROOT)/HZ/PreHeader.h";
				INFOPLIST_FILE = HZ/Info.plist;
				IPHONEOS_DEPLOYMENT_TARGET = 7.0;
				LD_RUNPATH_SEARCH_PATHS = "$(inherited) @executable_path/Frameworks";
				OTHER_LDFLAGS = (
					"$(inherited)",
					"-ObjC",
					"-l\"AFNetworking\"",
					"-l\"CYLTabBarController\"",
					"-l\"DACircularProgress\"",
					"-l\"MJExtension\"",
					"-l\"MJRefresh\"",
					"-l\"NJKWebViewProgress\"",
					"-l\"SDWebImage\"",
					"-l\"SVProgressHUD\"",
					"-l\"YYKit\"",
					"-l\"c++\"",
					"-l\"pop\"",
					"-l\"sqlite3\"",
					"-l\"z\"",
					"-framework",
					"\"Accelerate\"",
					"-framework",
					"\"AssetsLibrary\"",
					"-framework",
					"\"CoreFoundation\"",
					"-framework",
					"\"CoreGraphics\"",
					"-framework",
					"\"CoreImage\"",
					"-framework",
					"\"CoreText\"",
					"-framework",
					"\"ImageIO\"",
					"-framework",
					"\"MobileCoreServices\"",
					"-framework",
					"\"QuartzCore\"",
					"-framework",
					"\"Security\"",
					"-framework",
					"\"SystemConfiguration\"",
					"-framework",
					"\"UIKit\"",
					"-framework",
					"\"WebP\"",
					"-ObjC",
					"-lz",
					"-framework",
					Reveal,
				);
				PRODUCT_BUNDLE_IDENTIFIER = HJ.HZ;
				PRODUCT_NAME = "$(TARGET_NAME)";
			};
			name = Debug;
		};
		822B115F1CA5822C0044CC8C /* Release */ = {
			isa = XCBuildConfiguration;
			baseConfigurationReference = 108D8F136E3A745EC9ABE9AB /* Pods.release.xcconfig */;
			buildSettings = {
				ASSETCATALOG_COMPILER_APPICON_NAME = AppIcon;
				FRAMEWORK_SEARCH_PATHS = (
					"$(inherited)",
					"$(PROJECT_DIR)",
				);
				GCC_PRECOMPILE_PREFIX_HEADER = YES;
				GCC_PREFIX_HEADER = "/Users/ihj/Desktop/HZ/HZ/PreHeader.h ";
				INFOPLIST_FILE = HZ/Info.plist;
				IPHONEOS_DEPLOYMENT_TARGET = 7.0;
				LD_RUNPATH_SEARCH_PATHS = "$(inherited) @executable_path/Frameworks";
				OTHER_LDFLAGS = (
					"$(inherited)",
					"-ObjC",
					"-l\"AFNetworking\"",
					"-l\"CYLTabBarController\"",
					"-l\"DACircularProgress\"",
					"-l\"MJExtension\"",
					"-l\"MJRefresh\"",
					"-l\"NJKWebViewProgress\"",
					"-l\"SDWebImage\"",
					"-l\"SVProgressHUD\"",
					"-l\"YYKit\"",
					"-l\"c++\"",
					"-l\"pop\"",
					"-l\"sqlite3\"",
					"-l\"z\"",
					"-framework",
					"\"Accelerate\"",
					"-framework",
					"\"AssetsLibrary\"",
					"-framework",
					"\"CoreFoundation\"",
					"-framework",
					"\"CoreGraphics\"",
					"-framework",
					"\"CoreImage\"",
					"-framework",
					"\"CoreText\"",
					"-framework",
					"\"ImageIO\"",
					"-framework",
					"\"MobileCoreServices\"",
					"-framework",
					"\"QuartzCore\"",
					"-framework",
					"\"Security\"",
					"-framework",
					"\"SystemConfiguration\"",
					"-framework",
					"\"UIKit\"",
					"-framework",
					"\"WebP\"",
					"-ObjC",
					"-lz",
					"-framework",
					Reveal,
				);
				PRODUCT_BUNDLE_IDENTIFIER = HJ.HZ;
				PRODUCT_NAME = "$(TARGET_NAME)";
			};
			name = Release;
		};
/* End XCBuildConfiguration section */

/* Begin XCConfigurationList section */
		822B11411CA5822C0044CC8C /* Build configuration list for PBXProject "HZ" */ = {
			isa = XCConfigurationList;
			buildConfigurations = (
				822B115B1CA5822C0044CC8C /* Debug */,
				822B115C1CA5822C0044CC8C /* Release */,
			);
			defaultConfigurationIsVisible = 0;
			defaultConfigurationName = Release;
		};
		822B115D1CA5822C0044CC8C /* Build configuration list for PBXNativeTarget "HZ" */ = {
			isa = XCConfigurationList;
			buildConfigurations = (
				822B115E1CA5822C0044CC8C /* Debug */,
				822B115F1CA5822C0044CC8C /* Release */,
			);
			defaultConfigurationIsVisible = 0;
			defaultConfigurationName = Release;
		};
/* End XCConfigurationList section */
	};
	rootObject = 822B113E1CA5822C0044CC8C /* Project object */;
}
